
Microsoft Visual Studio Solution File, Format Version 12.00
# Visual Studio 15
VisualStudioVersion = 15.0.28307.1062
MinimumVisualStudioVersion = 10.0.40219.1
Project("{2150E333-8FDC-42A3-9474-1A3956D46DE8}") = "Solution Items", "Solution Items", "{0B450CBD-8589-4E8D-83E6-3701E2408B82}"
	ProjectSection(SolutionItems) = preProject
		LICENSE = LICENSE
		README.md = README.md
		SaitekSwitchPanelRef.txt = SaitekSwitchPanelRef.txt
	EndProjectSection
EndProject
Project("{FAE04EC0-301F-11D3-BF4B-00C04F79EFBC}") = "PFSP_Console_TEST", "PFSP_Console_TEST\PFSP_Console_TEST.csproj", "{936D9A6A-9D79-4475-A5CC-E949B42DE1B2}"
EndProject
Project("{FAE04EC0-301F-11D3-BF4B-00C04F79EFBC}") = "ProFlightPanelSupport", "ProFlightPanelSupport\ProFlightPanelSupport.csproj", "{649E50B2-3D71-4B43-AE29-E2383A311795}"
EndProject
Project("{FAE04EC0-301F-11D3-BF4B-00C04F79EFBC}") = "PFPanelClient", "PFPanelClient\PFPanelClient.csproj", "{F04B98B9-475F-4D71-82C2-010592A029E3}"
EndProject
Project("{2150E333-8FDC-42A3-9474-1A3956D46DE8}") = "Doc", "Doc", "{D96430D6-07ED-4613-949D-A9CFCAE39194}"
	ProjectSection(SolutionItems) = preProject
		Doc\ConfigSyntax.txt = Doc\ConfigSyntax.txt
		Doc\KeyCodes.txt = Doc\KeyCodes.txt
		Doc\QuickGuide-PFPSupport.docx = Doc\QuickGuide-PFPSupport.docx
		Doc\QuickGuide-PFPSupport.pdf = Doc\QuickGuide-PFPSupport.pdf
	EndProjectSection
EndProject
Project("{2150E333-8FDC-42A3-9474-1A3956D46DE8}") = "Examples", "Examples", "{04C96432-B0A0-40E2-BDA5-76AF09F62B87}"
	ProjectSection(SolutionItems) = preProject
		Examples\SWPanelConfigSample.json = Examples\SWPanelConfigSample.json
	EndProjectSection
EndProject
Global
	GlobalSection(SolutionConfigurationPlatforms) = preSolution
		Debug|Any CPU = Debug|Any CPU
		Debug|ARM = Debug|ARM
		Debug|ARM64 = Debug|ARM64
		Debug|x64 = Debug|x64
		Debug|x86 = Debug|x86
		Release|Any CPU = Release|Any CPU
		Release|ARM = Release|ARM
		Release|ARM64 = Release|ARM64
		Release|x64 = Release|x64
		Release|x86 = Release|x86
	EndGlobalSection
	GlobalSection(ProjectConfigurationPlatforms) = postSolution
		{936D9A6A-9D79-4475-A5CC-E949B42DE1B2}.Debug|Any CPU.ActiveCfg = Debug|Any CPU
		{936D9A6A-9D79-4475-A5CC-E949B42DE1B2}.Debug|Any CPU.Build.0 = Debug|Any CPU
		{936D9A6A-9D79-4475-A5CC-E949B42DE1B2}.Debug|ARM.ActiveCfg = Debug|Any CPU
		{936D9A6A-9D79-4475-A5CC-E949B42DE1B2}.Debug|ARM.Build.0 = Debug|Any CPU
		{936D9A6A-9D79-4475-A5CC-E949B42DE1B2}.Debug|ARM64.ActiveCfg = Debug|Any CPU
		{936D9A6A-9D79-4475-A5CC-E949B42DE1B2}.Debug|ARM64.Build.0 = Debug|Any CPU
		{936D9A6A-9D79-4475-A5CC-E949B42DE1B2}.Debug|x64.ActiveCfg = Debug|Any CPU
		{936D9A6A-9D79-4475-A5CC-E949B42DE1B2}.Debug|x64.Build.0 = Debug|Any CPU
		{936D9A6A-9D79-4475-A5CC-E949B42DE1B2}.Debug|x86.ActiveCfg = Debug|Any CPU
		{936D9A6A-9D79-4475-A5CC-E949B42DE1B2}.Debug|x86.Build.0 = Debug|Any CPU
		{936D9A6A-9D79-4475-A5CC-E949B42DE1B2}.Release|Any CPU.ActiveCfg = Release|Any CPU
		{936D9A6A-9D79-4475-A5CC-E949B42DE1B2}.Release|Any CPU.Build.0 = Release|Any CPU
		{936D9A6A-9D79-4475-A5CC-E949B42DE1B2}.Release|ARM.ActiveCfg = Release|Any CPU
		{936D9A6A-9D79-4475-A5CC-E949B42DE1B2}.Release|ARM.Build.0 = Release|Any CPU
		{936D9A6A-9D79-4475-A5CC-E949B42DE1B2}.Release|ARM64.ActiveCfg = Release|Any CPU
		{936D9A6A-9D79-4475-A5CC-E949B42DE1B2}.Release|ARM64.Build.0 = Release|Any CPU
		{936D9A6A-9D79-4475-A5CC-E949B42DE1B2}.Release|x64.ActiveCfg = Release|Any CPU
		{936D9A6A-9D79-4475-A5CC-E949B42DE1B2}.Release|x64.Build.0 = Release|Any CPU
		{936D9A6A-9D79-4475-A5CC-E949B42DE1B2}.Release|x86.ActiveCfg = Release|Any CPU
		{936D9A6A-9D79-4475-A5CC-E949B42DE1B2}.Release|x86.Build.0 = Release|Any CPU
		{649E50B2-3D71-4B43-AE29-E2383A311795}.Debug|Any CPU.ActiveCfg = Debug|Any CPU
		{649E50B2-3D71-4B43-AE29-E2383A311795}.Debug|Any CPU.Build.0 = Debug|Any CPU
		{649E50B2-3D71-4B43-AE29-E2383A311795}.Debug|ARM.ActiveCfg = Debug|Any CPU
		{649E50B2-3D71-4B43-AE29-E2383A311795}.Debug|ARM.Build.0 = Debug|Any CPU
		{649E50B2-3D71-4B43-AE29-E2383A311795}.Debug|ARM64.ActiveCfg = Debug|Any CPU
		{649E50B2-3D71-4B43-AE29-E2383A311795}.Debug|ARM64.Build.0 = Debug|Any CPU
		{649E50B2-3D71-4B43-AE29-E2383A311795}.Debug|x64.ActiveCfg = Debug|Any CPU
		{649E50B2-3D71-4B43-AE29-E2383A311795}.Debug|x64.Build.0 = Debug|Any CPU
		{649E50B2-3D71-4B43-AE29-E2383A311795}.Debug|x86.ActiveCfg = Debug|Any CPU
		{649E50B2-3D71-4B43-AE29-E2383A311795}.Debug|x86.Build.0 = Debug|Any CPU
		{649E50B2-3D71-4B43-AE29-E2383A311795}.Release|Any CPU.ActiveCfg = Release|Any CPU
		{649E50B2-3D71-4B43-AE29-E2383A311795}.Release|Any CPU.Build.0 = Release|Any CPU
		{649E50B2-3D71-4B43-AE29-E2383A311795}.Release|ARM.ActiveCfg = Release|Any CPU
		{649E50B2-3D71-4B43-AE29-E2383A311795}.Release|ARM.Build.0 = Release|Any CPU
		{649E50B2-3D71-4B43-AE29-E2383A311795}.Release|ARM64.ActiveCfg = Release|Any CPU
		{649E50B2-3D71-4B43-AE29-E2383A311795}.Release|ARM64.Build.0 = Release|Any CPU
		{649E50B2-3D71-4B43-AE29-E2383A311795}.Release|x64.ActiveCfg = Release|Any CPU
		{649E50B2-3D71-4B43-AE29-E2383A311795}.Release|x64.Build.0 = Release|Any CPU
		{649E50B2-3D71-4B43-AE29-E2383A311795}.Release|x86.ActiveCfg = Release|Any CPU
		{649E50B2-3D71-4B43-AE29-E2383A311795}.Release|x86.Build.0 = Release|Any CPU
		{F04B98B9-475F-4D71-82C2-010592A029E3}.Debug|Any CPU.ActiveCfg = Debug|Any CPU
		{F04B98B9-475F-4D71-82C2-010592A029E3}.Debug|Any CPU.Build.0 = Debug|Any CPU
		{F04B98B9-475F-4D71-82C2-010592A029E3}.Debug|ARM.ActiveCfg = Debug|Any CPU
		{F04B98B9-475F-4D71-82C2-010592A029E3}.Debug|ARM.Build.0 = Debug|Any CPU
		{F04B98B9-475F-4D71-82C2-010592A029E3}.Debug|ARM64.ActiveCfg = Debug|Any CPU
		{F04B98B9-475F-4D71-82C2-010592A029E3}.Debug|ARM64.Build.0 = Debug|Any CPU
		{F04B98B9-475F-4D71-82C2-010592A029E3}.Debug|x64.ActiveCfg = Debug|Any CPU
		{F04B98B9-475F-4D71-82C2-010592A029E3}.Debug|x64.Build.0 = Debug|Any CPU
		{F04B98B9-475F-4D71-82C2-010592A029E3}.Debug|x86.ActiveCfg = Debug|Any CPU
		{F04B98B9-475F-4D71-82C2-010592A029E3}.Debug|x86.Build.0 = Debug|Any CPU
		{F04B98B9-475F-4D71-82C2-010592A029E3}.Release|Any CPU.ActiveCfg = Release|Any CPU
		{F04B98B9-475F-4D71-82C2-010592A029E3}.Release|Any CPU.Build.0 = Release|Any CPU
		{F04B98B9-475F-4D71-82C2-010592A029E3}.Release|ARM.ActiveCfg = Release|Any CPU
		{F04B98B9-475F-4D71-82C2-010592A029E3}.Release|ARM.Build.0 = Release|Any CPU
		{F04B98B9-475F-4D71-82C2-010592A029E3}.Release|ARM64.ActiveCfg = Release|Any CPU
		{F04B98B9-475F-4D71-82C2-010592A029E3}.Release|ARM64.Build.0 = Release|Any CPU
		{F04B98B9-475F-4D71-82C2-010592A029E3}.Release|x64.ActiveCfg = Release|Any CPU
		{F04B98B9-475F-4D71-82C2-010592A029E3}.Release|x64.Build.0 = Release|Any CPU
		{F04B98B9-475F-4D71-82C2-010592A029E3}.Release|x86.ActiveCfg = Release|Any CPU
		{F04B98B9-475F-4D71-82C2-010592A029E3}.Release|x86.Build.0 = Release|Any CPU
	EndGlobalSection
	GlobalSection(SolutionProperties) = preSolution
		HideSolutionNode = FALSE
	EndGlobalSection
	GlobalSection(ExtensibilityGlobals) = postSolution
		SolutionGuid = {C9A3D09B-129B-4E15-893D-EE2162163832}
	EndGlobalSection
EndGlobal
